
Microsoft Visual Studio Solution File, Format Version 12.00
# Visual Studio Version 17
VisualStudioVersion = 17.3.32804.467
MinimumVisualStudioVersion = 10.0.40219.1
Project("{2150E333-8FDC-42A3-9474-1A3956D46DE8}") = "SM-Post", "SM-Post", "{649B4027-AFF6-4E2B-90B4-099BF8E95EF2}"
EndProject
Project("{2150E333-8FDC-42A3-9474-1A3956D46DE8}") = "Post.Cmd", "Post.Cmd", "{6992E45F-F618-45E6-AC1F-F5994FEFE8BA}"
EndProject
Project("{2150E333-8FDC-42A3-9474-1A3956D46DE8}") = "Post.Query", "Post.Query", "{ABA286F6-58A2-4319-A83C-8DA31A8B1CFC}"
EndProject
Project("{2150E333-8FDC-42A3-9474-1A3956D46DE8}") = "CQRS-ES", "CQRS-ES", "{91781D71-034F-45B8-8685-0536B7E0F46C}"
EndProject
Project("{FAE04EC0-301F-11D3-BF4B-00C04F79EFBC}") = "CQRS.Core", "CQRS-ES\CQRS.Core\CQRS.Core.csproj", "{538341DE-03B9-4394-9CE6-ECD6D36E9208}"
EndProject
Project("{FAE04EC0-301F-11D3-BF4B-00C04F79EFBC}") = "Post.Common", "SM-Post\Post.Common\Post.Common.csproj", "{A87BCB34-B032-4F7E-9BCA-6A7701DEAD9B}"
EndProject
Project("{FAE04EC0-301F-11D3-BF4B-00C04F79EFBC}") = "Post.Cmd.Api", "SM-Post\Post.Cmd\Post.Cmd.Api\Post.Cmd.Api.csproj", "{A1DBF4AB-B507-4290-8907-A0EB794B68CD}"
EndProject
Project("{FAE04EC0-301F-11D3-BF4B-00C04F79EFBC}") = "Post.Cmd.Domain", "SM-Post\Post.Cmd\Post.Cmd.Domain\Post.Cmd.Domain.csproj", "{B112EADD-8B63-446B-9E5B-BA15563AB9BD}"
EndProject
Project("{FAE04EC0-301F-11D3-BF4B-00C04F79EFBC}") = "Post.Cmd.Infrastructure", "SM-Post\Post.Cmd\Post.Cmd.Infrastructure\Post.Cmd.Infrastructure.csproj", "{0272AD38-6DC1-4931-B7D6-2B3A6C771A1F}"
EndProject
Project("{FAE04EC0-301F-11D3-BF4B-00C04F79EFBC}") = "Post.Query.Api", "SM-Post\Post.Query\Post.Query.Api\Post.Query.Api.csproj", "{80C7639B-11CD-4A06-91B6-D656297EE242}"
EndProject
Project("{FAE04EC0-301F-11D3-BF4B-00C04F79EFBC}") = "Post.Query.Domain", "SM-Post\Post.Query\Post.Query.Domain\Post.Query.Domain.csproj", "{6C7DA436-38D1-48B7-8442-A760D281E07E}"
EndProject
Project("{FAE04EC0-301F-11D3-BF4B-00C04F79EFBC}") = "Post.Query.Infrastructure", "SM-Post\Post.Query\Post.Query.Infrastructure\Post.Query.Infrastructure.csproj", "{78FC0BF2-4CA2-4A9A-9109-E033B59DE400}"
EndProject
Global
	GlobalSection(SolutionConfigurationPlatforms) = preSolution
		Debug|Any CPU = Debug|Any CPU
		Release|Any CPU = Release|Any CPU
	EndGlobalSection
	GlobalSection(ProjectConfigurationPlatforms) = postSolution
		{538341DE-03B9-4394-9CE6-ECD6D36E9208}.Debug|Any CPU.ActiveCfg = Debug|Any CPU
		{538341DE-03B9-4394-9CE6-ECD6D36E9208}.Debug|Any CPU.Build.0 = Debug|Any CPU
		{538341DE-03B9-4394-9CE6-ECD6D36E9208}.Release|Any CPU.ActiveCfg = Release|Any CPU
		{538341DE-03B9-4394-9CE6-ECD6D36E9208}.Release|Any CPU.Build.0 = Release|Any CPU
		{A87BCB34-B032-4F7E-9BCA-6A7701DEAD9B}.Debug|Any CPU.ActiveCfg = Debug|Any CPU
		{A87BCB34-B032-4F7E-9BCA-6A7701DEAD9B}.Debug|Any CPU.Build.0 = Debug|Any CPU
		{A87BCB34-B032-4F7E-9BCA-6A7701DEAD9B}.Release|Any CPU.ActiveCfg = Release|Any CPU
		{A87BCB34-B032-4F7E-9BCA-6A7701DEAD9B}.Release|Any CPU.Build.0 = Release|Any CPU
		{A1DBF4AB-B507-4290-8907-A0EB794B68CD}.Debug|Any CPU.ActiveCfg = Debug|Any CPU
		{A1DBF4AB-B507-4290-8907-A0EB794B68CD}.Debug|Any CPU.Build.0 = Debug|Any CPU
		{A1DBF4AB-B507-4290-8907-A0EB794B68CD}.Release|Any CPU.ActiveCfg = Release|Any CPU
		{A1DBF4AB-B507-4290-8907-A0EB794B68CD}.Release|Any CPU.Build.0 = Release|Any CPU
		{B112EADD-8B63-446B-9E5B-BA15563AB9BD}.Debug|Any CPU.ActiveCfg = Debug|Any CPU
		{B112EADD-8B63-446B-9E5B-BA15563AB9BD}.Debug|Any CPU.Build.0 = Debug|Any CPU
		{B112EADD-8B63-446B-9E5B-BA15563AB9BD}.Release|Any CPU.ActiveCfg = Release|Any CPU
		{B112EADD-8B63-446B-9E5B-BA15563AB9BD}.Release|Any CPU.Build.0 = Release|Any CPU
		{0272AD38-6DC1-4931-B7D6-2B3A6C771A1F}.Debug|Any CPU.ActiveCfg = Debug|Any CPU
		{0272AD38-6DC1-4931-B7D6-2B3A6C771A1F}.Debug|Any CPU.Build.0 = Debug|Any CPU
		{0272AD38-6DC1-4931-B7D6-2B3A6C771A1F}.Release|Any CPU.ActiveCfg = Release|Any CPU
		{0272AD38-6DC1-4931-B7D6-2B3A6C771A1F}.Release|Any CPU.Build.0 = Release|Any CPU
		{80C7639B-11CD-4A06-91B6-D656297EE242}.Debug|Any CPU.ActiveCfg = Debug|Any CPU
		{80C7639B-11CD-4A06-91B6-D656297EE242}.Debug|Any CPU.Build.0 = Debug|Any CPU
		{80C7639B-11CD-4A06-91B6-D656297EE242}.Release|Any CPU.ActiveCfg = Release|Any CPU
		{80C7639B-11CD-4A06-91B6-D656297EE242}.Release|Any CPU.Build.0 = Release|Any CPU
		{6C7DA436-38D1-48B7-8442-A760D281E07E}.Debug|Any CPU.ActiveCfg = Debug|Any CPU
		{6C7DA436-38D1-48B7-8442-A760D281E07E}.Debug|Any CPU.Build.0 = Debug|Any CPU
		{6C7DA436-38D1-48B7-8442-A760D281E07E}.Release|Any CPU.ActiveCfg = Release|Any CPU
		{6C7DA436-38D1-48B7-8442-A760D281E07E}.Release|Any CPU.Build.0 = Release|Any CPU
		{78FC0BF2-4CA2-4A9A-9109-E033B59DE400}.Debug|Any CPU.ActiveCfg = Debug|Any CPU
		{78FC0BF2-4CA2-4A9A-9109-E033B59DE400}.Debug|Any CPU.Build.0 = Debug|Any CPU
		{78FC0BF2-4CA2-4A9A-9109-E033B59DE400}.Release|Any CPU.ActiveCfg = Release|Any CPU
		{78FC0BF2-4CA2-4A9A-9109-E033B59DE400}.Release|Any CPU.Build.0 = Release|Any CPU
	EndGlobalSection
	GlobalSection(SolutionProperties) = preSolution
		HideSolutionNode = FALSE
	EndGlobalSection
	GlobalSection(NestedProjects) = preSolution
		{6992E45F-F618-45E6-AC1F-F5994FEFE8BA} = {649B4027-AFF6-4E2B-90B4-099BF8E95EF2}
		{ABA286F6-58A2-4319-A83C-8DA31A8B1CFC} = {649B4027-AFF6-4E2B-90B4-099BF8E95EF2}
		{538341DE-03B9-4394-9CE6-ECD6D36E9208} = {91781D71-034F-45B8-8685-0536B7E0F46C}
		{A87BCB34-B032-4F7E-9BCA-6A7701DEAD9B} = {649B4027-AFF6-4E2B-90B4-099BF8E95EF2}
		{A1DBF4AB-B507-4290-8907-A0EB794B68CD} = {6992E45F-F618-45E6-AC1F-F5994FEFE8BA}
		{B112EADD-8B63-446B-9E5B-BA15563AB9BD} = {6992E45F-F618-45E6-AC1F-F5994FEFE8BA}
		{0272AD38-6DC1-4931-B7D6-2B3A6C771A1F} = {6992E45F-F618-45E6-AC1F-F5994FEFE8BA}
		{80C7639B-11CD-4A06-91B6-D656297EE242} = {ABA286F6-58A2-4319-A83C-8DA31A8B1CFC}
		{6C7DA436-38D1-48B7-8442-A760D281E07E} = {ABA286F6-58A2-4319-A83C-8DA31A8B1CFC}
		{78FC0BF2-4CA2-4A9A-9109-E033B59DE400} = {ABA286F6-58A2-4319-A83C-8DA31A8B1CFC}
	EndGlobalSection
	GlobalSection(ExtensibilityGlobals) = postSolution
		SolutionGuid = {CDFFA4F9-E364-4D3E-B1F3-FA3B3A2621C2}
	EndGlobalSection
EndGlobal
